
Microsoft Visual Studio Solution File, Format Version 12.00
# Visual Studio Version 16
VisualStudioVersion = 16.0.32126.315
MinimumVisualStudioVersion = 10.0.40219.1
Project("{FAE04EC0-301F-11D3-BF4B-00C04F79EFBC}") = "LC_Launcher", "LC_Launcher.csproj", "{D7331642-DA1F-409F-A398-60177B1F2BB4}"
EndProject
Global
	GlobalSection(SolutionConfigurationPlatforms) = preSolution
		Debug|Any CPU = Debug|Any CPU
		Release|Any CPU = Release|Any CPU
	EndGlobalSection
	GlobalSection(ProjectConfigurationPlatforms) = postSolution
		{D7331642-DA1F-409F-A398-60177B1F2BB4}.Debug|Any CPU.ActiveCfg = Debug|Any CPU
		{D7331642-DA1F-409F-A398-60177B1F2BB4}.Debug|Any CPU.Build.0 = Debug|Any CPU
		{D7331642-DA1F-409F-A398-60177B1F2BB4}.Release|Any CPU.ActiveCfg = Release|Any CPU
		{D7331642-DA1F-409F-A398-60177B1F2BB4}.Release|Any CPU.Build.0 = Release|Any CPU
	EndGlobalSection
	GlobalSection(SolutionProperties) = preSolution
		HideSolutionNode = FALSE
	EndGlobalSection
	GlobalSection(ExtensibilityGlobals) = postSolution
		SolutionGuid = {B37AA026-CA6E-4F27-889E-38444D5388EA}
	EndGlobalSection
EndGlobal
